
Microsoft Visual Studio Solution File, Format Version 12.00
# Visual Studio Version 17
VisualStudioVersion = 17.2.32616.157
MinimumVisualStudioVersion = 10.0.40219.1
Project("{8BC9CEB8-8B4A-11D0-8D11-00A0C91BC942}") = "10-1. Pointer", "CppProject\CppProject.vcxproj", "{CC109F44-1361-4DF7-BC03-1E424C04C1A8}"
EndProject
Project("{8BC9CEB8-8B4A-11D0-8D11-00A0C91BC942}") = "10-2. CallbyValueCallByRef", "CallbyValueCallByRef\CallbyValueCallByRef.vcxproj", "{E110BB6B-C717-4227-9747-385AE698BD62}"
EndProject
Project("{8BC9CEB8-8B4A-11D0-8D11-00A0C91BC942}") = "10-3. DynamicAllocate", "10-2. DynamicAllocate\10-2. DynamicAllocate.vcxproj", "{A16ED5E2-29EE-4617-B25C-4A9FD4043A4A}"
EndProject
Project("{8BC9CEB8-8B4A-11D0-8D11-00A0C91BC942}") = "11-1. DataType", "11-1. DataType\11-1. DataType.vcxproj", "{43C79575-39C3-4312-AA82-80468EDE320E}"
EndProject
Project("{8BC9CEB8-8B4A-11D0-8D11-00A0C91BC942}") = "11-2. Class", "11-2. Class\11-2. Class.vcxproj", "{E7FBA43F-3D6C-4E44-90DD-DABD2F11AC95}"
EndProject
Project("{8BC9CEB8-8B4A-11D0-8D11-00A0C91BC942}") = "11-3. Bind_Cast", "11-3. bind_cast\11-3. bind_cast.vcxproj", "{059D0DAC-0385-40A6-89FD-6AB8D00CD563}"
EndProject
Project("{8BC9CEB8-8B4A-11D0-8D11-00A0C91BC942}") = "99. Test", "99. Test\99. Test.vcxproj", "{4C50D79B-4314-4A13-AE25-B57C3AD923EC}"
EndProject
Project("{8BC9CEB8-8B4A-11D0-8D11-00A0C91BC942}") = "12-1. Template", "12-1. Template\12-1. Template.vcxproj", "{DCB4B898-1F99-49E6-AF67-A21265E3C684}"
EndProject
Project("{8BC9CEB8-8B4A-11D0-8D11-00A0C91BC942}") = "12-2. OperatorOverloading", "OperatorOverloading\OperatorOverloading.vcxproj", "{B36BA9BD-F8C4-4F2D-AD50-C752BF0FB7F2}"
EndProject
Project("{8BC9CEB8-8B4A-11D0-8D11-00A0C91BC942}") = "05-01. CharArray", "5-01. CharArray\5-01. CharArray.vcxproj", "{3A01A542-1FE8-48B4-BA32-44B504A71725}"
EndProject
Project("{8BC9CEB8-8B4A-11D0-8D11-00A0C91BC942}") = "13-1. Vector", "13-1. Vector\13-1. Vector.vcxproj", "{048AD3DA-C6EF-4F79-86FA-DBC49A8AFD1F}"
EndProject
Project("{8BC9CEB8-8B4A-11D0-8D11-00A0C91BC942}") = "14-1. LinkedList", "14-1. LinkedList\14-1. LinkedList.vcxproj", "{D6BB8307-AE6C-459D-8776-0966D61C8A75}"
EndProject
Project("{8BC9CEB8-8B4A-11D0-8D11-00A0C91BC942}") = "15-1. vector_Iterator", "15-1. Iterator\15-1. Iterator.vcxproj", "{A37BFFFB-AD9A-4A80-B843-712AB87B152C}"
EndProject
Project("{8BC9CEB8-8B4A-11D0-8D11-00A0C91BC942}") = "16-1. list_iterator", "16-1. list_iterator\16-1. list_iterator.vcxproj", "{063C15CB-C8A0-43E5-9042-BE7B065A316F}"
EndProject
Project("{8BC9CEB8-8B4A-11D0-8D11-00A0C91BC942}") = "17-1. Stack", "17-1. Stack\17-1. Stack.vcxproj", "{71427A3D-E8CD-4CEF-947F-04E12EA401B9}"
EndProject
Project("{8BC9CEB8-8B4A-11D0-8D11-00A0C91BC942}") = "17-2. Queue", "17-2. Queue\17-2. Queue.vcxproj", "{8DDB2F14-3932-4539-B249-81D647CF2A82}"
EndProject
Project("{8BC9CEB8-8B4A-11D0-8D11-00A0C91BC942}") = "18-1. PriorityQueue", "18-1. PriorityQueue\18-1. PriorityQueue.vcxproj", "{B735D2A4-73C1-49A0-9CAE-AD092D081E1E}"
EndProject
Project("{8BC9CEB8-8B4A-11D0-8D11-00A0C91BC942}") = "19-1. BinarySearchTree", "19-1. BinarySearchTree\19-1. BinarySearchTree.vcxproj", "{49457B9A-3A21-4319-ADD5-244922EB91F2}"
EndProject
Project("{8BC9CEB8-8B4A-11D0-8D11-00A0C91BC942}") = "20-1. RedBlackTree", "20-1. RedBlackTree\20-1. RedBlackTree.vcxproj", "{A1E6C8BB-AB73-4D5B-8502-E5B15B7FCA62}"
EndProject
Project("{8BC9CEB8-8B4A-11D0-8D11-00A0C91BC942}") = "21-1. HashTable", "21-1. HashTable\21-1. HashTable.vcxproj", "{67C111BF-0F5F-4827-916C-77D3DA5914CA}"
EndProject
Project("{8BC9CEB8-8B4A-11D0-8D11-00A0C91BC942}") = "22-1. Recursion", "22-1. Recursion\22-1. Recursion.vcxproj", "{1EB14727-C07D-48F5-AEDA-F3ABB194C4E7}"
EndProject
Project("{8BC9CEB8-8B4A-11D0-8D11-00A0C91BC942}") = "22-2. Hanoi", "22-2. Hanoi\22-2. Hanoi.vcxproj", "{8BDF310F-13CA-4B12-A235-E5D114C73FF9}"
EndProject
Project("{8BC9CEB8-8B4A-11D0-8D11-00A0C91BC942}") = "23-1. Sort", "23-1. Sort\23-1. Sort.vcxproj", "{2E93A304-2793-4837-9EB1-A825CD7FFF59}"
EndProject
Project("{8BC9CEB8-8B4A-11D0-8D11-00A0C91BC942}") = "23-2. IterSort", "23-2. IterSort\23-2. IterSort.vcxproj", "{DADC7135-9622-4B6F-A6EB-2AF0A790243C}"
EndProject
Project("{8BC9CEB8-8B4A-11D0-8D11-00A0C91BC942}") = "23-3. Shop", "23-3. Shop\23-3. Shop.vcxproj", "{4D33D9F0-D501-4CE3-BEA1-3BE02EDC8B76}"
EndProject
Project("{8BC9CEB8-8B4A-11D0-8D11-00A0C91BC942}") = "24-1. Search", "24-1. Search\24-1. Search.vcxproj", "{FCF24C37-AAEE-4673-94FA-B1E0BE633E29}"
EndProject
Project("{8BC9CEB8-8B4A-11D0-8D11-00A0C91BC942}") = "24-2. GraphSearch", "23-2. GraphSearch\23-2. GraphSearch.vcxproj", "{32D973B3-9481-4714-A161-4C851974CC47}"
EndProject
Project("{8BC9CEB8-8B4A-11D0-8D11-00A0C91BC942}") = "24-3. TileMapSearch", "24-3. TileMapSearch\24-3. TileMapSearch.vcxproj", "{46F4CECF-7954-48F5-9F2C-7DE4DA076AE1}"
EndProject
Project("{8BC9CEB8-8B4A-11D0-8D11-00A0C91BC942}") = "25-1. dijkstra", "25-1. dijkstra\25-1. dijkstra.vcxproj", "{B60E0EAF-47F8-4705-BC12-77D3A9B62819}"
EndProject
Project("{8BC9CEB8-8B4A-11D0-8D11-00A0C91BC942}") = "26-1. AStar", "26-1. AStar\26-1. AStar.vcxproj", "{627FD74C-EC24-4F5A-93D8-CB4848CF12F9}"
EndProject
Global
	GlobalSection(SolutionConfigurationPlatforms) = preSolution
		Debug|x64 = Debug|x64
		Debug|x86 = Debug|x86
		Release|x64 = Release|x64
		Release|x86 = Release|x86
	EndGlobalSection
	GlobalSection(ProjectConfigurationPlatforms) = postSolution
		{CC109F44-1361-4DF7-BC03-1E424C04C1A8}.Debug|x64.ActiveCfg = Debug|x64
		{CC109F44-1361-4DF7-BC03-1E424C04C1A8}.Debug|x64.Build.0 = Debug|x64
		{CC109F44-1361-4DF7-BC03-1E424C04C1A8}.Debug|x86.ActiveCfg = Debug|Win32
		{CC109F44-1361-4DF7-BC03-1E424C04C1A8}.Debug|x86.Build.0 = Debug|Win32
		{CC109F44-1361-4DF7-BC03-1E424C04C1A8}.Release|x64.ActiveCfg = Release|x64
		{CC109F44-1361-4DF7-BC03-1E424C04C1A8}.Release|x64.Build.0 = Release|x64
		{CC109F44-1361-4DF7-BC03-1E424C04C1A8}.Release|x86.ActiveCfg = Release|Win32
		{CC109F44-1361-4DF7-BC03-1E424C04C1A8}.Release|x86.Build.0 = Release|Win32
		{E110BB6B-C717-4227-9747-385AE698BD62}.Debug|x64.ActiveCfg = Debug|x64
		{E110BB6B-C717-4227-9747-385AE698BD62}.Debug|x64.Build.0 = Debug|x64
		{E110BB6B-C717-4227-9747-385AE698BD62}.Debug|x86.ActiveCfg = Debug|Win32
		{E110BB6B-C717-4227-9747-385AE698BD62}.Debug|x86.Build.0 = Debug|Win32
		{E110BB6B-C717-4227-9747-385AE698BD62}.Release|x64.ActiveCfg = Release|x64
		{E110BB6B-C717-4227-9747-385AE698BD62}.Release|x64.Build.0 = Release|x64
		{E110BB6B-C717-4227-9747-385AE698BD62}.Release|x86.ActiveCfg = Release|Win32
		{E110BB6B-C717-4227-9747-385AE698BD62}.Release|x86.Build.0 = Release|Win32
		{A16ED5E2-29EE-4617-B25C-4A9FD4043A4A}.Debug|x64.ActiveCfg = Debug|x64
		{A16ED5E2-29EE-4617-B25C-4A9FD4043A4A}.Debug|x64.Build.0 = Debug|x64
		{A16ED5E2-29EE-4617-B25C-4A9FD4043A4A}.Debug|x86.ActiveCfg = Debug|Win32
		{A16ED5E2-29EE-4617-B25C-4A9FD4043A4A}.Debug|x86.Build.0 = Debug|Win32
		{A16ED5E2-29EE-4617-B25C-4A9FD4043A4A}.Release|x64.ActiveCfg = Release|x64
		{A16ED5E2-29EE-4617-B25C-4A9FD4043A4A}.Release|x64.Build.0 = Release|x64
		{A16ED5E2-29EE-4617-B25C-4A9FD4043A4A}.Release|x86.ActiveCfg = Release|Win32
		{A16ED5E2-29EE-4617-B25C-4A9FD4043A4A}.Release|x86.Build.0 = Release|Win32
		{43C79575-39C3-4312-AA82-80468EDE320E}.Debug|x64.ActiveCfg = Debug|x64
		{43C79575-39C3-4312-AA82-80468EDE320E}.Debug|x64.Build.0 = Debug|x64
		{43C79575-39C3-4312-AA82-80468EDE320E}.Debug|x86.ActiveCfg = Debug|Win32
		{43C79575-39C3-4312-AA82-80468EDE320E}.Debug|x86.Build.0 = Debug|Win32
		{43C79575-39C3-4312-AA82-80468EDE320E}.Release|x64.ActiveCfg = Release|x64
		{43C79575-39C3-4312-AA82-80468EDE320E}.Release|x64.Build.0 = Release|x64
		{43C79575-39C3-4312-AA82-80468EDE320E}.Release|x86.ActiveCfg = Release|Win32
		{43C79575-39C3-4312-AA82-80468EDE320E}.Release|x86.Build.0 = Release|Win32
		{E7FBA43F-3D6C-4E44-90DD-DABD2F11AC95}.Debug|x64.ActiveCfg = Debug|x64
		{E7FBA43F-3D6C-4E44-90DD-DABD2F11AC95}.Debug|x64.Build.0 = Debug|x64
		{E7FBA43F-3D6C-4E44-90DD-DABD2F11AC95}.Debug|x86.ActiveCfg = Debug|Win32
		{E7FBA43F-3D6C-4E44-90DD-DABD2F11AC95}.Debug|x86.Build.0 = Debug|Win32
		{E7FBA43F-3D6C-4E44-90DD-DABD2F11AC95}.Release|x64.ActiveCfg = Release|x64
		{E7FBA43F-3D6C-4E44-90DD-DABD2F11AC95}.Release|x64.Build.0 = Release|x64
		{E7FBA43F-3D6C-4E44-90DD-DABD2F11AC95}.Release|x86.ActiveCfg = Release|Win32
		{E7FBA43F-3D6C-4E44-90DD-DABD2F11AC95}.Release|x86.Build.0 = Release|Win32
		{059D0DAC-0385-40A6-89FD-6AB8D00CD563}.Debug|x64.ActiveCfg = Debug|x64
		{059D0DAC-0385-40A6-89FD-6AB8D00CD563}.Debug|x64.Build.0 = Debug|x64
		{059D0DAC-0385-40A6-89FD-6AB8D00CD563}.Debug|x86.ActiveCfg = Debug|Win32
		{059D0DAC-0385-40A6-89FD-6AB8D00CD563}.Debug|x86.Build.0 = Debug|Win32
		{059D0DAC-0385-40A6-89FD-6AB8D00CD563}.Release|x64.ActiveCfg = Release|x64
		{059D0DAC-0385-40A6-89FD-6AB8D00CD563}.Release|x64.Build.0 = Release|x64
		{059D0DAC-0385-40A6-89FD-6AB8D00CD563}.Release|x86.ActiveCfg = Release|Win32
		{059D0DAC-0385-40A6-89FD-6AB8D00CD563}.Release|x86.Build.0 = Release|Win32
		{4C50D79B-4314-4A13-AE25-B57C3AD923EC}.Debug|x64.ActiveCfg = Debug|x64
		{4C50D79B-4314-4A13-AE25-B57C3AD923EC}.Debug|x64.Build.0 = Debug|x64
		{4C50D79B-4314-4A13-AE25-B57C3AD923EC}.Debug|x86.ActiveCfg = Debug|Win32
		{4C50D79B-4314-4A13-AE25-B57C3AD923EC}.Debug|x86.Build.0 = Debug|Win32
		{4C50D79B-4314-4A13-AE25-B57C3AD923EC}.Release|x64.ActiveCfg = Release|x64
		{4C50D79B-4314-4A13-AE25-B57C3AD923EC}.Release|x64.Build.0 = Release|x64
		{4C50D79B-4314-4A13-AE25-B57C3AD923EC}.Release|x86.ActiveCfg = Release|Win32
		{4C50D79B-4314-4A13-AE25-B57C3AD923EC}.Release|x86.Build.0 = Release|Win32
		{DCB4B898-1F99-49E6-AF67-A21265E3C684}.Debug|x64.ActiveCfg = Debug|x64
		{DCB4B898-1F99-49E6-AF67-A21265E3C684}.Debug|x64.Build.0 = Debug|x64
		{DCB4B898-1F99-49E6-AF67-A21265E3C684}.Debug|x86.ActiveCfg = Debug|Win32
		{DCB4B898-1F99-49E6-AF67-A21265E3C684}.Debug|x86.Build.0 = Debug|Win32
		{DCB4B898-1F99-49E6-AF67-A21265E3C684}.Release|x64.ActiveCfg = Release|x64
		{DCB4B898-1F99-49E6-AF67-A21265E3C684}.Release|x64.Build.0 = Release|x64
		{DCB4B898-1F99-49E6-AF67-A21265E3C684}.Release|x86.ActiveCfg = Release|Win32
		{DCB4B898-1F99-49E6-AF67-A21265E3C684}.Release|x86.Build.0 = Release|Win32
		{B36BA9BD-F8C4-4F2D-AD50-C752BF0FB7F2}.Debug|x64.ActiveCfg = Debug|x64
		{B36BA9BD-F8C4-4F2D-AD50-C752BF0FB7F2}.Debug|x64.Build.0 = Debug|x64
		{B36BA9BD-F8C4-4F2D-AD50-C752BF0FB7F2}.Debug|x86.ActiveCfg = Debug|Win32
		{B36BA9BD-F8C4-4F2D-AD50-C752BF0FB7F2}.Debug|x86.Build.0 = Debug|Win32
		{B36BA9BD-F8C4-4F2D-AD50-C752BF0FB7F2}.Release|x64.ActiveCfg = Release|x64
		{B36BA9BD-F8C4-4F2D-AD50-C752BF0FB7F2}.Release|x64.Build.0 = Release|x64
		{B36BA9BD-F8C4-4F2D-AD50-C752BF0FB7F2}.Release|x86.ActiveCfg = Release|Win32
		{B36BA9BD-F8C4-4F2D-AD50-C752BF0FB7F2}.Release|x86.Build.0 = Release|Win32
		{3A01A542-1FE8-48B4-BA32-44B504A71725}.Debug|x64.ActiveCfg = Debug|x64
		{3A01A542-1FE8-48B4-BA32-44B504A71725}.Debug|x64.Build.0 = Debug|x64
		{3A01A542-1FE8-48B4-BA32-44B504A71725}.Debug|x86.ActiveCfg = Debug|Win32
		{3A01A542-1FE8-48B4-BA32-44B504A71725}.Debug|x86.Build.0 = Debug|Win32
		{3A01A542-1FE8-48B4-BA32-44B504A71725}.Release|x64.ActiveCfg = Release|x64
		{3A01A542-1FE8-48B4-BA32-44B504A71725}.Release|x64.Build.0 = Release|x64
		{3A01A542-1FE8-48B4-BA32-44B504A71725}.Release|x86.ActiveCfg = Release|Win32
		{3A01A542-1FE8-48B4-BA32-44B504A71725}.Release|x86.Build.0 = Release|Win32
		{048AD3DA-C6EF-4F79-86FA-DBC49A8AFD1F}.Debug|x64.ActiveCfg = Debug|x64
		{048AD3DA-C6EF-4F79-86FA-DBC49A8AFD1F}.Debug|x64.Build.0 = Debug|x64
		{048AD3DA-C6EF-4F79-86FA-DBC49A8AFD1F}.Debug|x86.ActiveCfg = Debug|Win32
		{048AD3DA-C6EF-4F79-86FA-DBC49A8AFD1F}.Debug|x86.Build.0 = Debug|Win32
		{048AD3DA-C6EF-4F79-86FA-DBC49A8AFD1F}.Release|x64.ActiveCfg = Release|x64
		{048AD3DA-C6EF-4F79-86FA-DBC49A8AFD1F}.Release|x64.Build.0 = Release|x64
		{048AD3DA-C6EF-4F79-86FA-DBC49A8AFD1F}.Release|x86.ActiveCfg = Release|Win32
		{048AD3DA-C6EF-4F79-86FA-DBC49A8AFD1F}.Release|x86.Build.0 = Release|Win32
		{D6BB8307-AE6C-459D-8776-0966D61C8A75}.Debug|x64.ActiveCfg = Debug|x64
		{D6BB8307-AE6C-459D-8776-0966D61C8A75}.Debug|x64.Build.0 = Debug|x64
		{D6BB8307-AE6C-459D-8776-0966D61C8A75}.Debug|x86.ActiveCfg = Debug|Win32
		{D6BB8307-AE6C-459D-8776-0966D61C8A75}.Debug|x86.Build.0 = Debug|Win32
		{D6BB8307-AE6C-459D-8776-0966D61C8A75}.Release|x64.ActiveCfg = Release|x64
		{D6BB8307-AE6C-459D-8776-0966D61C8A75}.Release|x64.Build.0 = Release|x64
		{D6BB8307-AE6C-459D-8776-0966D61C8A75}.Release|x86.ActiveCfg = Release|Win32
		{D6BB8307-AE6C-459D-8776-0966D61C8A75}.Release|x86.Build.0 = Release|Win32
		{A37BFFFB-AD9A-4A80-B843-712AB87B152C}.Debug|x64.ActiveCfg = Debug|x64
		{A37BFFFB-AD9A-4A80-B843-712AB87B152C}.Debug|x64.Build.0 = Debug|x64
		{A37BFFFB-AD9A-4A80-B843-712AB87B152C}.Debug|x86.ActiveCfg = Debug|Win32
		{A37BFFFB-AD9A-4A80-B843-712AB87B152C}.Debug|x86.Build.0 = Debug|Win32
		{A37BFFFB-AD9A-4A80-B843-712AB87B152C}.Release|x64.ActiveCfg = Release|x64
		{A37BFFFB-AD9A-4A80-B843-712AB87B152C}.Release|x64.Build.0 = Release|x64
		{A37BFFFB-AD9A-4A80-B843-712AB87B152C}.Release|x86.ActiveCfg = Release|Win32
		{A37BFFFB-AD9A-4A80-B843-712AB87B152C}.Release|x86.Build.0 = Release|Win32
		{063C15CB-C8A0-43E5-9042-BE7B065A316F}.Debug|x64.ActiveCfg = Debug|x64
		{063C15CB-C8A0-43E5-9042-BE7B065A316F}.Debug|x64.Build.0 = Debug|x64
		{063C15CB-C8A0-43E5-9042-BE7B065A316F}.Debug|x86.ActiveCfg = Debug|Win32
		{063C15CB-C8A0-43E5-9042-BE7B065A316F}.Debug|x86.Build.0 = Debug|Win32
		{063C15CB-C8A0-43E5-9042-BE7B065A316F}.Release|x64.ActiveCfg = Release|x64
		{063C15CB-C8A0-43E5-9042-BE7B065A316F}.Release|x64.Build.0 = Release|x64
		{063C15CB-C8A0-43E5-9042-BE7B065A316F}.Release|x86.ActiveCfg = Release|Win32
		{063C15CB-C8A0-43E5-9042-BE7B065A316F}.Release|x86.Build.0 = Release|Win32
		{71427A3D-E8CD-4CEF-947F-04E12EA401B9}.Debug|x64.ActiveCfg = Debug|x64
		{71427A3D-E8CD-4CEF-947F-04E12EA401B9}.Debug|x64.Build.0 = Debug|x64
		{71427A3D-E8CD-4CEF-947F-04E12EA401B9}.Debug|x86.ActiveCfg = Debug|Win32
		{71427A3D-E8CD-4CEF-947F-04E12EA401B9}.Debug|x86.Build.0 = Debug|Win32
		{71427A3D-E8CD-4CEF-947F-04E12EA401B9}.Release|x64.ActiveCfg = Release|x64
		{71427A3D-E8CD-4CEF-947F-04E12EA401B9}.Release|x64.Build.0 = Release|x64
		{71427A3D-E8CD-4CEF-947F-04E12EA401B9}.Release|x86.ActiveCfg = Release|Win32
		{71427A3D-E8CD-4CEF-947F-04E12EA401B9}.Release|x86.Build.0 = Release|Win32
		{8DDB2F14-3932-4539-B249-81D647CF2A82}.Debug|x64.ActiveCfg = Debug|x64
		{8DDB2F14-3932-4539-B249-81D647CF2A82}.Debug|x64.Build.0 = Debug|x64
		{8DDB2F14-3932-4539-B249-81D647CF2A82}.Debug|x86.ActiveCfg = Debug|Win32
		{8DDB2F14-3932-4539-B249-81D647CF2A82}.Debug|x86.Build.0 = Debug|Win32
		{8DDB2F14-3932-4539-B249-81D647CF2A82}.Release|x64.ActiveCfg = Release|x64
		{8DDB2F14-3932-4539-B249-81D647CF2A82}.Release|x64.Build.0 = Release|x64
		{8DDB2F14-3932-4539-B249-81D647CF2A82}.Release|x86.ActiveCfg = Release|Win32
		{8DDB2F14-3932-4539-B249-81D647CF2A82}.Release|x86.Build.0 = Release|Win32
		{B735D2A4-73C1-49A0-9CAE-AD092D081E1E}.Debug|x64.ActiveCfg = Debug|x64
		{B735D2A4-73C1-49A0-9CAE-AD092D081E1E}.Debug|x64.Build.0 = Debug|x64
		{B735D2A4-73C1-49A0-9CAE-AD092D081E1E}.Debug|x86.ActiveCfg = Debug|Win32
		{B735D2A4-73C1-49A0-9CAE-AD092D081E1E}.Debug|x86.Build.0 = Debug|Win32
		{B735D2A4-73C1-49A0-9CAE-AD092D081E1E}.Release|x64.ActiveCfg = Release|x64
		{B735D2A4-73C1-49A0-9CAE-AD092D081E1E}.Release|x64.Build.0 = Release|x64
		{B735D2A4-73C1-49A0-9CAE-AD092D081E1E}.Release|x86.ActiveCfg = Release|Win32
		{B735D2A4-73C1-49A0-9CAE-AD092D081E1E}.Release|x86.Build.0 = Release|Win32
		{49457B9A-3A21-4319-ADD5-244922EB91F2}.Debug|x64.ActiveCfg = Debug|x64
		{49457B9A-3A21-4319-ADD5-244922EB91F2}.Debug|x64.Build.0 = Debug|x64
		{49457B9A-3A21-4319-ADD5-244922EB91F2}.Debug|x86.ActiveCfg = Debug|Win32
		{49457B9A-3A21-4319-ADD5-244922EB91F2}.Debug|x86.Build.0 = Debug|Win32
		{49457B9A-3A21-4319-ADD5-244922EB91F2}.Release|x64.ActiveCfg = Release|x64
		{49457B9A-3A21-4319-ADD5-244922EB91F2}.Release|x64.Build.0 = Release|x64
		{49457B9A-3A21-4319-ADD5-244922EB91F2}.Release|x86.ActiveCfg = Release|Win32
		{49457B9A-3A21-4319-ADD5-244922EB91F2}.Release|x86.Build.0 = Release|Win32
		{A1E6C8BB-AB73-4D5B-8502-E5B15B7FCA62}.Debug|x64.ActiveCfg = Debug|x64
		{A1E6C8BB-AB73-4D5B-8502-E5B15B7FCA62}.Debug|x64.Build.0 = Debug|x64
		{A1E6C8BB-AB73-4D5B-8502-E5B15B7FCA62}.Debug|x86.ActiveCfg = Debug|Win32
		{A1E6C8BB-AB73-4D5B-8502-E5B15B7FCA62}.Debug|x86.Build.0 = Debug|Win32
		{A1E6C8BB-AB73-4D5B-8502-E5B15B7FCA62}.Release|x64.ActiveCfg = Release|x64
		{A1E6C8BB-AB73-4D5B-8502-E5B15B7FCA62}.Release|x64.Build.0 = Release|x64
		{A1E6C8BB-AB73-4D5B-8502-E5B15B7FCA62}.Release|x86.ActiveCfg = Release|Win32
		{A1E6C8BB-AB73-4D5B-8502-E5B15B7FCA62}.Release|x86.Build.0 = Release|Win32
		{67C111BF-0F5F-4827-916C-77D3DA5914CA}.Debug|x64.ActiveCfg = Debug|x64
		{67C111BF-0F5F-4827-916C-77D3DA5914CA}.Debug|x64.Build.0 = Debug|x64
		{67C111BF-0F5F-4827-916C-77D3DA5914CA}.Debug|x86.ActiveCfg = Debug|Win32
		{67C111BF-0F5F-4827-916C-77D3DA5914CA}.Debug|x86.Build.0 = Debug|Win32
		{67C111BF-0F5F-4827-916C-77D3DA5914CA}.Release|x64.ActiveCfg = Release|x64
		{67C111BF-0F5F-4827-916C-77D3DA5914CA}.Release|x64.Build.0 = Release|x64
		{67C111BF-0F5F-4827-916C-77D3DA5914CA}.Release|x86.ActiveCfg = Release|Win32
		{67C111BF-0F5F-4827-916C-77D3DA5914CA}.Release|x86.Build.0 = Release|Win32
		{1EB14727-C07D-48F5-AEDA-F3ABB194C4E7}.Debug|x64.ActiveCfg = Debug|x64
		{1EB14727-C07D-48F5-AEDA-F3ABB194C4E7}.Debug|x64.Build.0 = Debug|x64
		{1EB14727-C07D-48F5-AEDA-F3ABB194C4E7}.Debug|x86.ActiveCfg = Debug|Win32
		{1EB14727-C07D-48F5-AEDA-F3ABB194C4E7}.Debug|x86.Build.0 = Debug|Win32
		{1EB14727-C07D-48F5-AEDA-F3ABB194C4E7}.Release|x64.ActiveCfg = Release|x64
		{1EB14727-C07D-48F5-AEDA-F3ABB194C4E7}.Release|x64.Build.0 = Release|x64
		{1EB14727-C07D-48F5-AEDA-F3ABB194C4E7}.Release|x86.ActiveCfg = Release|Win32
		{1EB14727-C07D-48F5-AEDA-F3ABB194C4E7}.Release|x86.Build.0 = Release|Win32
		{8BDF310F-13CA-4B12-A235-E5D114C73FF9}.Debug|x64.ActiveCfg = Debug|x64
		{8BDF310F-13CA-4B12-A235-E5D114C73FF9}.Debug|x64.Build.0 = Debug|x64
		{8BDF310F-13CA-4B12-A235-E5D114C73FF9}.Debug|x86.ActiveCfg = Debug|Win32
		{8BDF310F-13CA-4B12-A235-E5D114C73FF9}.Debug|x86.Build.0 = Debug|Win32
		{8BDF310F-13CA-4B12-A235-E5D114C73FF9}.Release|x64.ActiveCfg = Release|x64
		{8BDF310F-13CA-4B12-A235-E5D114C73FF9}.Release|x64.Build.0 = Release|x64
		{8BDF310F-13CA-4B12-A235-E5D114C73FF9}.Release|x86.ActiveCfg = Release|Win32
		{8BDF310F-13CA-4B12-A235-E5D114C73FF9}.Release|x86.Build.0 = Release|Win32
		{2E93A304-2793-4837-9EB1-A825CD7FFF59}.Debug|x64.ActiveCfg = Debug|x64
		{2E93A304-2793-4837-9EB1-A825CD7FFF59}.Debug|x64.Build.0 = Debug|x64
		{2E93A304-2793-4837-9EB1-A825CD7FFF59}.Debug|x86.ActiveCfg = Debug|Win32
		{2E93A304-2793-4837-9EB1-A825CD7FFF59}.Debug|x86.Build.0 = Debug|Win32
		{2E93A304-2793-4837-9EB1-A825CD7FFF59}.Release|x64.ActiveCfg = Release|x64
		{2E93A304-2793-4837-9EB1-A825CD7FFF59}.Release|x64.Build.0 = Release|x64
		{2E93A304-2793-4837-9EB1-A825CD7FFF59}.Release|x86.ActiveCfg = Release|Win32
		{2E93A304-2793-4837-9EB1-A825CD7FFF59}.Release|x86.Build.0 = Release|Win32
		{DADC7135-9622-4B6F-A6EB-2AF0A790243C}.Debug|x64.ActiveCfg = Debug|x64
		{DADC7135-9622-4B6F-A6EB-2AF0A790243C}.Debug|x64.Build.0 = Debug|x64
		{DADC7135-9622-4B6F-A6EB-2AF0A790243C}.Debug|x86.ActiveCfg = Debug|Win32
		{DADC7135-9622-4B6F-A6EB-2AF0A790243C}.Debug|x86.Build.0 = Debug|Win32
		{DADC7135-9622-4B6F-A6EB-2AF0A790243C}.Release|x64.ActiveCfg = Release|x64
		{DADC7135-9622-4B6F-A6EB-2AF0A790243C}.Release|x64.Build.0 = Release|x64
		{DADC7135-9622-4B6F-A6EB-2AF0A790243C}.Release|x86.ActiveCfg = Release|Win32
		{DADC7135-9622-4B6F-A6EB-2AF0A790243C}.Release|x86.Build.0 = Release|Win32
		{4D33D9F0-D501-4CE3-BEA1-3BE02EDC8B76}.Debug|x64.ActiveCfg = Debug|x64
		{4D33D9F0-D501-4CE3-BEA1-3BE02EDC8B76}.Debug|x64.Build.0 = Debug|x64
		{4D33D9F0-D501-4CE3-BEA1-3BE02EDC8B76}.Debug|x86.ActiveCfg = Debug|Win32
		{4D33D9F0-D501-4CE3-BEA1-3BE02EDC8B76}.Debug|x86.Build.0 = Debug|Win32
		{4D33D9F0-D501-4CE3-BEA1-3BE02EDC8B76}.Release|x64.ActiveCfg = Release|x64
		{4D33D9F0-D501-4CE3-BEA1-3BE02EDC8B76}.Release|x64.Build.0 = Release|x64
		{4D33D9F0-D501-4CE3-BEA1-3BE02EDC8B76}.Release|x86.ActiveCfg = Release|Win32
		{4D33D9F0-D501-4CE3-BEA1-3BE02EDC8B76}.Release|x86.Build.0 = Release|Win32
		{FCF24C37-AAEE-4673-94FA-B1E0BE633E29}.Debug|x64.ActiveCfg = Debug|x64
		{FCF24C37-AAEE-4673-94FA-B1E0BE633E29}.Debug|x64.Build.0 = Debug|x64
		{FCF24C37-AAEE-4673-94FA-B1E0BE633E29}.Debug|x86.ActiveCfg = Debug|Win32
		{FCF24C37-AAEE-4673-94FA-B1E0BE633E29}.Debug|x86.Build.0 = Debug|Win32
		{FCF24C37-AAEE-4673-94FA-B1E0BE633E29}.Release|x64.ActiveCfg = Release|x64
		{FCF24C37-AAEE-4673-94FA-B1E0BE633E29}.Release|x64.Build.0 = Release|x64
		{FCF24C37-AAEE-4673-94FA-B1E0BE633E29}.Release|x86.ActiveCfg = Release|Win32
		{FCF24C37-AAEE-4673-94FA-B1E0BE633E29}.Release|x86.Build.0 = Release|Win32
		{32D973B3-9481-4714-A161-4C851974CC47}.Debug|x64.ActiveCfg = Debug|x64
		{32D973B3-9481-4714-A161-4C851974CC47}.Debug|x64.Build.0 = Debug|x64
		{32D973B3-9481-4714-A161-4C851974CC47}.Debug|x86.ActiveCfg = Debug|Win32
		{32D973B3-9481-4714-A161-4C851974CC47}.Debug|x86.Build.0 = Debug|Win32
		{32D973B3-9481-4714-A161-4C851974CC47}.Release|x64.ActiveCfg = Release|x64
		{32D973B3-9481-4714-A161-4C851974CC47}.Release|x64.Build.0 = Release|x64
		{32D973B3-9481-4714-A161-4C851974CC47}.Release|x86.ActiveCfg = Release|Win32
		{32D973B3-9481-4714-A161-4C851974CC47}.Release|x86.Build.0 = Release|Win32
		{46F4CECF-7954-48F5-9F2C-7DE4DA076AE1}.Debug|x64.ActiveCfg = Debug|x64
		{46F4CECF-7954-48F5-9F2C-7DE4DA076AE1}.Debug|x64.Build.0 = Debug|x64
		{46F4CECF-7954-48F5-9F2C-7DE4DA076AE1}.Debug|x86.ActiveCfg = Debug|Win32
		{46F4CECF-7954-48F5-9F2C-7DE4DA076AE1}.Debug|x86.Build.0 = Debug|Win32
		{46F4CECF-7954-48F5-9F2C-7DE4DA076AE1}.Release|x64.ActiveCfg = Release|x64
		{46F4CECF-7954-48F5-9F2C-7DE4DA076AE1}.Release|x64.Build.0 = Release|x64
		{46F4CECF-7954-48F5-9F2C-7DE4DA076AE1}.Release|x86.ActiveCfg = Release|Win32
		{46F4CECF-7954-48F5-9F2C-7DE4DA076AE1}.Release|x86.Build.0 = Release|Win32
		{B60E0EAF-47F8-4705-BC12-77D3A9B62819}.Debug|x64.ActiveCfg = Debug|x64
		{B60E0EAF-47F8-4705-BC12-77D3A9B62819}.Debug|x64.Build.0 = Debug|x64
		{B60E0EAF-47F8-4705-BC12-77D3A9B62819}.Debug|x86.ActiveCfg = Debug|Win32
		{B60E0EAF-47F8-4705-BC12-77D3A9B62819}.Debug|x86.Build.0 = Debug|Win32
		{B60E0EAF-47F8-4705-BC12-77D3A9B62819}.Release|x64.ActiveCfg = Release|x64
		{B60E0EAF-47F8-4705-BC12-77D3A9B62819}.Release|x64.Build.0 = Release|x64
		{B60E0EAF-47F8-4705-BC12-77D3A9B62819}.Release|x86.ActiveCfg = Release|Win32
		{B60E0EAF-47F8-4705-BC12-77D3A9B62819}.Release|x86.Build.0 = Release|Win32
		{627FD74C-EC24-4F5A-93D8-CB4848CF12F9}.Debug|x64.ActiveCfg = Debug|x64
		{627FD74C-EC24-4F5A-93D8-CB4848CF12F9}.Debug|x64.Build.0 = Debug|x64
		{627FD74C-EC24-4F5A-93D8-CB4848CF12F9}.Debug|x86.ActiveCfg = Debug|Win32
		{627FD74C-EC24-4F5A-93D8-CB4848CF12F9}.Debug|x86.Build.0 = Debug|Win32
		{627FD74C-EC24-4F5A-93D8-CB4848CF12F9}.Release|x64.ActiveCfg = Release|x64
		{627FD74C-EC24-4F5A-93D8-CB4848CF12F9}.Release|x64.Build.0 = Release|x64
		{627FD74C-EC24-4F5A-93D8-CB4848CF12F9}.Release|x86.ActiveCfg = Release|Win32
		{627FD74C-EC24-4F5A-93D8-CB4848CF12F9}.Release|x86.Build.0 = Release|Win32
	EndGlobalSection
	GlobalSection(SolutionProperties) = preSolution
		HideSolutionNode = FALSE
	EndGlobalSection
	GlobalSection(ExtensibilityGlobals) = postSolution
		SolutionGuid = {71DC0CEB-22BE-4DB5-A526-F0D7621E59B8}
	EndGlobalSection
EndGlobal
